
Microsoft Visual Studio Solution File, Format Version 12.00
# Visual Studio Version 17
VisualStudioVersion = 17.12.35707.178
MinimumVisualStudioVersion = 10.0.40219.1
Project("{FAE04EC0-301F-11D3-BF4B-00C04F79EFBC}") = "API", "API\API.csproj", "{29816AA2-ACBB-474E-AD4D-37D1A1938B03}"
EndProject
Project("{2150E333-8FDC-42A3-9474-1A3956D46DE8}") = "Éléments de solution", "Éléments de solution", "{9DAAB031-4EBF-4E8B-9DD4-4580DF7E036E}"
	ProjectSection(SolutionItems) = preProject
		ReadMe.txt = ReadMe.txt
	EndProjectSection
EndProject
Project("{FAE04EC0-301F-11D3-BF4B-00C04F79EFBC}") = "Businesslogiclayer", "Bll\Businesslogiclayer.csproj", "{2FF024A0-ECE5-47D6-AE7A-7064F7BD438E}"
EndProject
Project("{FAE04EC0-301F-11D3-BF4B-00C04F79EFBC}") = "DataAccessLayer", "DataAccessLayer\DataAccessLayer.csproj", "{868DDF49-2D7C-4083-9B05-CC942F0765F1}"
EndProject
Global
	GlobalSection(SolutionConfigurationPlatforms) = preSolution
		Debug|Any CPU = Debug|Any CPU
		Release|Any CPU = Release|Any CPU
	EndGlobalSection
	GlobalSection(ProjectConfigurationPlatforms) = postSolution
		{29816AA2-ACBB-474E-AD4D-37D1A1938B03}.Debug|Any CPU.ActiveCfg = Debug|Any CPU
		{29816AA2-ACBB-474E-AD4D-37D1A1938B03}.Debug|Any CPU.Build.0 = Debug|Any CPU
		{29816AA2-ACBB-474E-AD4D-37D1A1938B03}.Release|Any CPU.ActiveCfg = Release|Any CPU
		{29816AA2-ACBB-474E-AD4D-37D1A1938B03}.Release|Any CPU.Build.0 = Release|Any CPU
		{2FF024A0-ECE5-47D6-AE7A-7064F7BD438E}.Debug|Any CPU.ActiveCfg = Debug|Any CPU
		{2FF024A0-ECE5-47D6-AE7A-7064F7BD438E}.Debug|Any CPU.Build.0 = Debug|Any CPU
		{2FF024A0-ECE5-47D6-AE7A-7064F7BD438E}.Release|Any CPU.ActiveCfg = Release|Any CPU
		{2FF024A0-ECE5-47D6-AE7A-7064F7BD438E}.Release|Any CPU.Build.0 = Release|Any CPU
		{868DDF49-2D7C-4083-9B05-CC942F0765F1}.Debug|Any CPU.ActiveCfg = Debug|Any CPU
		{868DDF49-2D7C-4083-9B05-CC942F0765F1}.Debug|Any CPU.Build.0 = Debug|Any CPU
		{868DDF49-2D7C-4083-9B05-CC942F0765F1}.Release|Any CPU.ActiveCfg = Release|Any CPU
		{868DDF49-2D7C-4083-9B05-CC942F0765F1}.Release|Any CPU.Build.0 = Release|Any CPU
	EndGlobalSection
	GlobalSection(SolutionProperties) = preSolution
		HideSolutionNode = FALSE
	EndGlobalSection
EndGlobal
